// !$*UTF8*$!
{
	archiveVersion = 1;
	classes = {
	};
	objectVersion = 50;
	objects = {

/* Begin PBXBuildFile section */
		13E643BBECBA89991DA7582A /* Pods_iVisitKitExample.framework in Frameworks */ = {isa = PBXBuildFile; fileRef = 5EDCAD712F6C820959E0FCFB /* Pods_iVisitKitExample.framework */; };
		4577AB9C21E1B2A800393615 /* AppDelegate.swift in Sources */ = {isa = PBXBuildFile; fileRef = 4577AB9B21E1B2A800393615 /* AppDelegate.swift */; };
		4577ABA321E1B2A900393615 /* Assets.xcassets in Resources */ = {isa = PBXBuildFile; fileRef = 4577ABA221E1B2A900393615 /* Assets.xcassets */; };
		4577ABA621E1B2A900393615 /* LaunchScreen.storyboard in Resources */ = {isa = PBXBuildFile; fileRef = 4577ABA421E1B2A900393615 /* LaunchScreen.storyboard */; };
		4577ABAE21E1B37300393615 /* demo.pno in Resources */ = {isa = PBXBuildFile; fileRef = 4577ABAD21E1B37300393615 /* demo.pno */; };
/* End PBXBuildFile section */

/* Begin PBXFileReference section */
		1AD220B67A8FABD2F0FFBE84 /* Pods-iVisitKitExample.debug.xcconfig */ = {isa = PBXFileReference; includeInIndex = 1; lastKnownFileType = text.xcconfig; name = "Pods-iVisitKitExample.debug.xcconfig"; path = "Pods/Target Support Files/Pods-iVisitKitExample/Pods-iVisitKitExample.debug.xcconfig"; sourceTree = "<group>"; };
		4577AB9821E1B2A800393615 /* iVisitKitExample.app */ = {isa = PBXFileReference; explicitFileType = wrapper.application; includeInIndex = 0; path = iVisitKitExample.app; sourceTree = BUILT_PRODUCTS_DIR; };
		4577AB9B21E1B2A800393615 /* AppDelegate.swift */ = {isa = PBXFileReference; lastKnownFileType = sourcecode.swift; path = AppDelegate.swift; sourceTree = "<group>"; };
		4577ABA221E1B2A900393615 /* Assets.xcassets */ = {isa = PBXFileReference; lastKnownFileType = folder.assetcatalog; path = Assets.xcassets; sourceTree = "<group>"; };
		4577ABA521E1B2A900393615 /* Base */ = {isa = PBXFileReference; lastKnownFileType = file.storyboard; name = Base; path = Base.lproj/LaunchScreen.storyboard; sourceTree = "<group>"; };
		4577ABA721E1B2A900393615 /* Info.plist */ = {isa = PBXFileReference; lastKnownFileType = text.plist.xml; path = Info.plist; sourceTree = "<group>"; };
		4577ABAD21E1B37300393615 /* demo.pno */ = {isa = PBXFileReference; lastKnownFileType = file; path = demo.pno; sourceTree = "<group>"; };
		5EDCAD712F6C820959E0FCFB /* Pods_iVisitKitExample.framework */ = {isa = PBXFileReference; explicitFileType = wrapper.framework; includeInIndex = 0; path = Pods_iVisitKitExample.framework; sourceTree = BUILT_PRODUCTS_DIR; };
		D9746DD41FABC32AA88127E4 /* Pods-iVisitKitExample.release.xcconfig */ = {isa = PBXFileReference; includeInIndex = 1; lastKnownFileType = text.xcconfig; name = "Pods-iVisitKitExample.release.xcconfig"; path = "Pods/Target Support Files/Pods-iVisitKitExample/Pods-iVisitKitExample.release.xcconfig"; sourceTree = "<group>"; };
/* End PBXFileReference section */

/* Begin PBXFrameworksBuildPhase section */
		4577AB9521E1B2A800393615 /* Frameworks */ = {
			isa = PBXFrameworksBuildPhase;
			buildActionMask = 2147483647;
			files = (
				13E643BBECBA89991DA7582A /* Pods_iVisitKitExample.framework in Frameworks */,
			);
			runOnlyForDeploymentPostprocessing = 0;
		};
/* End PBXFrameworksBuildPhase section */

/* Begin PBXGroup section */
		4577AB8F21E1B2A800393615 = {
			isa = PBXGroup;
			children = (
				4577AB9A21E1B2A800393615 /* iVisitKitExample */,
				4577AB9921E1B2A800393615 /* Products */,
				6B8B6AEC04346CC0FD860C3A /* Pods */,
				47FAA77A20D300F4F2277126 /* Frameworks */,
			);
			sourceTree = "<group>";
		};
		4577AB9921E1B2A800393615 /* Products */ = {
			isa = PBXGroup;
			children = (
				4577AB9821E1B2A800393615 /* iVisitKitExample.app */,
			);
			name = Products;
			sourceTree = "<group>";
		};
		4577AB9A21E1B2A800393615 /* iVisitKitExample */ = {
			isa = PBXGroup;
			children = (
				4577AB9B21E1B2A800393615 /* AppDelegate.swift */,
				4577ABA221E1B2A900393615 /* Assets.xcassets */,
				4577ABAD21E1B37300393615 /* demo.pno */,
				4577ABA421E1B2A900393615 /* LaunchScreen.storyboard */,
				4577ABA721E1B2A900393615 /* Info.plist */,
			);
			path = iVisitKitExample;
			sourceTree = "<group>";
		};
		47FAA77A20D300F4F2277126 /* Frameworks */ = {
			isa = PBXGroup;
			children = (
				5EDCAD712F6C820959E0FCFB /* Pods_iVisitKitExample.framework */,
			);
			name = Frameworks;
			sourceTree = "<group>";
		};
		6B8B6AEC04346CC0FD860C3A /* Pods */ = {
			isa = PBXGroup;
			children = (
				1AD220B67A8FABD2F0FFBE84 /* Pods-iVisitKitExample.debug.xcconfig */,
				D9746DD41FABC32AA88127E4 /* Pods-iVisitKitExample.release.xcconfig */,
			);
			name = Pods;
			sourceTree = "<group>";
		};
/* End PBXGroup section */

/* Begin PBXNativeTarget section */
		4577AB9721E1B2A800393615 /* iVisitKitExample */ = {
			isa = PBXNativeTarget;
			buildConfigurationList = 4577ABAA21E1B2A900393615 /* Build configuration list for PBXNativeTarget "iVisitKitExample" */;
			buildPhases = (
				58A1DFE0F7969479D144250F /* [CP] Check Pods Manifest.lock */,
				4577AB9421E1B2A800393615 /* Sources */,
				4577AB9521E1B2A800393615 /* Frameworks */,
				4577AB9621E1B2A800393615 /* Resources */,
				656DF02798F94123A8F4901C /* [CP] Embed Pods Frameworks */,
			);
			buildRules = (
			);
			dependencies = (
			);
			name = iVisitKitExample;
			productName = iVisitKitExample;
			productReference = 4577AB9821E1B2A800393615 /* iVisitKitExample.app */;
			productType = "com.apple.product-type.application";
		};
/* End PBXNativeTarget section */

/* Begin PBXProject section */
		4577AB9021E1B2A800393615 /* Project object */ = {
			isa = PBXProject;
			attributes = {
				LastSwiftUpdateCheck = 1010;
				LastUpgradeCheck = 1010;
				ORGANIZATIONNAME = CocoaBob;
				TargetAttributes = {
					4577AB9721E1B2A800393615 = {
						CreatedOnToolsVersion = 10.1;
					};
				};
			};
			buildConfigurationList = 4577AB9321E1B2A800393615 /* Build configuration list for PBXProject "iVisitKitExample" */;
			compatibilityVersion = "Xcode 9.3";
			developmentRegion = en;
			hasScannedForEncodings = 0;
			knownRegions = (
				en,
				Base,
			);
			mainGroup = 4577AB8F21E1B2A800393615;
			productRefGroup = 4577AB9921E1B2A800393615 /* Products */;
			projectDirPath = "";
			projectRoot = "";
			targets = (
				4577AB9721E1B2A800393615 /* iVisitKitExample */,
			);
		};
/* End PBXProject section */

/* Begin PBXResourcesBuildPhase section */
		4577AB9621E1B2A800393615 /* Resources */ = {
			isa = PBXResourcesBuildPhase;
			buildActionMask = 2147483647;
			files = (
				4577ABAE21E1B37300393615 /* demo.pno in Resources */,
				4577ABA621E1B2A900393615 /* LaunchScreen.storyboard in Resources */,
				4577ABA321E1B2A900393615 /* Assets.xcassets in Resources */,
			);
			runOnlyForDeploymentPostprocessing = 0;
		};
/* End PBXResourcesBuildPhase section */

/* Begin PBXShellScriptBuildPhase section */
		58A1DFE0F7969479D144250F /* [CP] Check Pods Manifest.lock */ = {
			isa = PBXShellScriptBuildPhase;
			buildActionMask = 2147483647;
			files = (
			);
			inputFileListPaths = (
			);
			inputPaths = (
				"${PODS_PODFILE_DIR_PATH}/Podfile.lock",
				"${PODS_ROOT}/Manifest.lock",
			);
			name = "[CP] Check Pods Manifest.lock";
			outputFileListPaths = (
			);
			outputPaths = (
				"$(DERIVED_FILE_DIR)/Pods-iVisitKitExample-checkManifestLockResult.txt",
			);
			runOnlyForDeploymentPostprocessing = 0;
			shellPath = /bin/sh;
			shellScript = "diff \"${PODS_PODFILE_DIR_PATH}/Podfile.lock\" \"${PODS_ROOT}/Manifest.lock\" > /dev/null\nif [ $? != 0 ] ; then\n    # print error to STDERR\n    echo \"error: The sandbox is not in sync with the Podfile.lock. Run 'pod install' or update your CocoaPods installation.\" >&2\n    exit 1\nfi\n# This output is used by Xcode 'outputs' to avoid re-running this script phase.\necho \"SUCCESS\" > \"${SCRIPT_OUTPUT_FILE_0}\"\n";
			showEnvVarsInLog = 0;
		};
		656DF02798F94123A8F4901C /* [CP] Embed Pods Frameworks */ = {
			isa = PBXShellScriptBuildPhase;
			buildActionMask = 2147483647;
			files = (
			);
			inputFileListPaths = (
			);
			inputPaths = (
				"${SRCROOT}/Pods/Target Support Files/Pods-iVisitKitExample/Pods-iVisitKitExample-frameworks.sh",
				"${BUILT_PRODUCTS_DIR}/iVisitKit/iVisitKit.framework",
			);
			name = "[CP] Embed Pods Frameworks";
			outputFileListPaths = (
			);
			outputPaths = (
				"${TARGET_BUILD_DIR}/${FRAMEWORKS_FOLDER_PATH}/iVisitKit.framework",
			);
			runOnlyForDeploymentPostprocessing = 0;
			shellPath = /bin/sh;
			shellScript = "\"${SRCROOT}/Pods/Target Support Files/Pods-iVisitKitExample/Pods-iVisitKitExample-frameworks.sh\"\n";
			showEnvVarsInLog = 0;
		};
/* End PBXShellScriptBuildPhase section */

/* Begin PBXSourcesBuildPhase section */
		4577AB9421E1B2A800393615 /* Sources */ = {
			isa = PBXSourcesBuildPhase;
			buildActionMask = 2147483647;
			files = (
				4577AB9C21E1B2A800393615 /* AppDelegate.swift in Sources */,
			);
			runOnlyForDeploymentPostprocessing = 0;
		};
/* End PBXSourcesBuildPhase section */

/* Begin PBXVariantGroup section */
		4577ABA421E1B2A900393615 /* LaunchScreen.storyboard */ = {
			isa = PBXVariantGroup;
			children = (
				4577ABA521E1B2A900393615 /* Base */,
			);
			name = LaunchScreen.storyboard;
			sourceTree = "<group>";
		};
/* End PBXVariantGroup section */

/* Begin XCBuildConfiguration section */
		4577ABA821E1B2A900393615 /* Debug */ = {
			isa = XCBuildConfiguration;
			buildSettings = {
				ALWAYS_SEARCH_USER_PATHS = NO;
				CLANG_ANALYZER_NONNULL = YES;
				CLANG_ANALYZER_NUMBER_OBJECT_CONVERSION = YES_AGGRESSIVE;
				CLANG_CXX_LANGUAGE_STANDARD = "gnu++14";
				CLANG_CXX_LIBRARY = "libc++";
				CLANG_ENABLE_MODULES = YES;
				CLANG_ENABLE_OBJC_ARC = YES;
				CLANG_ENABLE_OBJC_WEAK = YES;
				CLANG_WARN_BLOCK_CAPTURE_AUTORELEASING = YES;
				CLANG_WARN_BOOL_CONVERSION = YES;
				CLANG_WARN_COMMA = YES;
				CLANG_WARN_CONSTANT_CONVERSION = YES;
				CLANG_WARN_DEPRECATED_OBJC_IMPLEMENTATIONS = YES;
				CLANG_WARN_DIRECT_OBJC_ISA_USAGE = YES_ERROR;
				CLANG_WARN_DOCUMENTATION_COMMENTS = YES;
				CLANG_WARN_EMPTY_BODY = YES;
				CLANG_WARN_ENUM_CONVERSION = YES;
				CLANG_WARN_INFINITE_RECURSION = YES;
				CLANG_WARN_INT_CONVERSION = YES;
				CLANG_WARN_NON_LITERAL_NULL_CONVERSION = YES;
				CLANG_WARN_OBJC_IMPLICIT_RETAIN_SELF = YES;
				CLANG_WARN_OBJC_LITERAL_CONVERSION = YES;
				CLANG_WARN_OBJC_ROOT_CLASS = YES_ERROR;
				CLANG_WARN_RANGE_LOOP_ANALYSIS = YES;
				CLANG_WARN_STRICT_PROTOTYPES = YES;
				CLANG_WARN_SUSPICIOUS_MOVE = YES;
				CLANG_WARN_UNGUARDED_AVAILABILITY = YES_AGGRESSIVE;
				CLANG_WARN_UNREACHABLE_CODE = YES;
				CLANG_WARN__DUPLICATE_METHOD_MATCH = YES;
				CODE_SIGN_IDENTITY = "iPhone Developer";
				COPY_PHASE_STRIP = NO;
				DEBUG_INFORMATION_FORMAT = dwarf;
				ENABLE_STRICT_OBJC_MSGSEND = YES;
				ENABLE_TESTABILITY = YES;
				GCC_C_LANGUAGE_STANDARD = gnu11;
				GCC_DYNAMIC_NO_PIC = NO;
				GCC_NO_COMMON_BLOCKS = YES;
				GCC_OPTIMIZATION_LEVEL = 0;
				GCC_PREPROCESSOR_DEFINITIONS = (
					"DEBUG=1",
					"$(inherited)",
				);
				GCC_WARN_64_TO_32_BIT_CONVERSION = YES;
				GCC_WARN_ABOUT_RETURN_TYPE = YES_ERROR;
				GCC_WARN_UNDECLARED_SELECTOR = YES;
				GCC_WARN_UNINITIALIZED_AUTOS = YES_AGGRESSIVE;
				GCC_WARN_UNUSED_FUNCTION = YES;
				GCC_WARN_UNUSED_VARIABLE = YES;
				IPHONEOS_DEPLOYMENT_TARGET = 12.1;
				MTL_ENABLE_DEBUG_INFO = INCLUDE_SOURCE;
				MTL_FAST_MATH = YES;
				ONLY_ACTIVE_ARCH = YES;
				SDKROOT = iphoneos;
				SWIFT_ACTIVE_COMPILATION_CONDITIONS = DEBUG;
				SWIFT_OPTIMIZATION_LEVEL = "-Onone";
			};
			name = Debug;
		};
		4577ABA921E1B2A900393615 /* Release */ = {
			isa = XCBuildConfiguration;
			buildSettings = {
				ALWAYS_SEARCH_USER_PATHS = NO;
				CLANG_ANALYZER_NONNULL = YES;
				CLANG_ANALYZER_NUMBER_OBJECT_CONVERSION = YES_AGGRESSIVE;
				CLANG_CXX_LANGUAGE_STANDARD = "gnu++14";
				CLANG_CXX_LIBRARY = "libc++";
				CLANG_ENABLE_MODULES = YES;
				CLANG_ENABLE_OBJC_ARC = YES;
				CLANG_ENABLE_OBJC_WEAK = YES;
				CLANG_WARN_BLOCK_CAPTURE_AUTORELEASING = YES;
				CLANG_WARN_BOOL_CONVERSION = YES;
				CLANG_WARN_COMMA = YES;
				CLANG_WARN_CONSTANT_CONVERSION = YES;
				CLANG_WARN_DEPRECATED_OBJC_IMPLEMENTATIONS = YES;
				CLANG_WARN_DIRECT_OBJC_ISA_USAGE = YES_ERROR;
				CLANG_WARN_DOCUMENTATION_COMMENTS = YES;
				CLANG_WARN_EMPTY_BODY = YES;
				CLANG_WARN_ENUM_CONVERSION = YES;
				CLANG_WARN_INFINITE_RECURSION = YES;
				CLANG_WARN_INT_CONVERSION = YES;
				CLANG_WARN_NON_LITERAL_NULL_CONVERSION = YES;
				CLANG_WARN_OBJC_IMPLICIT_RETAIN_SELF = YES;
				CLANG_WARN_OBJC_LITERAL_CONVERSION = YES;
				CLANG_WARN_OBJC_ROOT_CLASS = YES_ERROR;
				CLANG_WARN_RANGE_LOOP_ANALYSIS = YES;
				CLANG_WARN_STRICT_PROTOTYPES = YES;
				CLANG_WARN_SUSPICIOUS_MOVE = YES;
				CLANG_WARN_UNGUARDED_AVAILABILITY = YES_AGGRESSIVE;
				CLANG_WARN_UNREACHABLE_CODE = YES;
				CLANG_WARN__DUPLICATE_METHOD_MATCH = YES;
				CODE_SIGN_IDENTITY = "iPhone Developer";
				COPY_PHASE_STRIP = NO;
				DEBUG_INFORMATION_FORMAT = "dwarf-with-dsym";
				ENABLE_NS_ASSERTIONS = NO;
				ENABLE_STRICT_OBJC_MSGSEND = YES;
				GCC_C_LANGUAGE_STANDARD = gnu11;
				GCC_NO_COMMON_BLOCKS = YES;
				GCC_WARN_64_TO_32_BIT_CONVERSION = YES;
				GCC_WARN_ABOUT_RETURN_TYPE = YES_ERROR;
				GCC_WARN_UNDECLARED_SELECTOR = YES;
				GCC_WARN_UNINITIALIZED_AUTOS = YES_AGGRESSIVE;
				GCC_WARN_UNUSED_FUNCTION = YES;
				GCC_WARN_UNUSED_VARIABLE = YES;
				IPHONEOS_DEPLOYMENT_TARGET = 12.1;
				MTL_ENABLE_DEBUG_INFO = NO;
				MTL_FAST_MATH = YES;
				SDKROOT = iphoneos;
				SWIFT_COMPILATION_MODE = wholemodule;
				SWIFT_OPTIMIZATION_LEVEL = "-O";
				VALIDATE_PRODUCT = YES;
			};
			name = Release;
		};
		4577ABAB21E1B2A900393615 /* Debug */ = {
			isa = XCBuildConfiguration;
			baseConfigurationReference = 1AD220B67A8FABD2F0FFBE84 /* Pods-iVisitKitExample.debug.xcconfig */;
			buildSettings = {
				ASSETCATALOG_COMPILER_APPICON_NAME = AppIcon;
				CODE_SIGN_STYLE = Automatic;
				INFOPLIST_FILE = iVisitKitExample/Info.plist;
				LD_RUNPATH_SEARCH_PATHS = (
					"$(inherited)",
					"@executable_path/Frameworks",
				);
				PRODUCT_BUNDLE_IDENTIFIER = cocoabob.iVisitKitExample;
				PRODUCT_NAME = "$(TARGET_NAME)";
				SWIFT_VERSION = 4.2;
				TARGETED_DEVICE_FAMILY = "1,2";
			};
			name = Debug;
		};
		4577ABAC21E1B2A900393615 /* Release */ = {
			isa = XCBuildConfiguration;
			baseConfigurationReference = D9746DD41FABC32AA88127E4 /* Pods-iVisitKitExample.release.xcconfig */;
			buildSettings = {
				ASSETCATALOG_COMPILER_APPICON_NAME = AppIcon;
				CODE_SIGN_STYLE = Automatic;
				INFOPLIST_FILE = iVisitKitExample/Info.plist;
				LD_RUNPATH_SEARCH_PATHS = (
					"$(inherited)",
					"@executable_path/Frameworks",
				);
				PRODUCT_BUNDLE_IDENTIFIER = cocoabob.iVisitKitExample;
				PRODUCT_NAME = "$(TARGET_NAME)";
				SWIFT_VERSION = 4.2;
				TARGETED_DEVICE_FAMILY = "1,2";
			};
			name = Release;
		};
/* End XCBuildConfiguration section */

/* Begin XCConfigurationList section */
		4577AB9321E1B2A800393615 /* Build configuration list for PBXProject "iVisitKitExample" */ = {
			isa = XCConfigurationList;
			buildConfigurations = (
				4577ABA821E1B2A900393615 /* Debug */,
				4577ABA921E1B2A900393615 /* Release */,
			);
			defaultConfigurationIsVisible = 0;
			defaultConfigurationName = Release;
		};
		4577ABAA21E1B2A900393615 /* Build configuration list for PBXNativeTarget "iVisitKitExample" */ = {
			isa = XCConfigurationList;
			buildConfigurations = (
				4577ABAB21E1B2A900393615 /* Debug */,
				4577ABAC21E1B2A900393615 /* Release */,
			);
			defaultConfigurationIsVisible = 0;
			defaultConfigurationName = Release;
		};
/* End XCConfigurationList section */
	};
	rootObject = 4577AB9021E1B2A800393615 /* Project object */;
}
